// !$*UTF8*$!
{
	archiveVersion = 1;
	classes = {
	};
	objectVersion = 55;
	objects = {

/* Begin PBXBuildFile section */
		4323B7BA2941013A005B8FBF /* AppDelegate.swift in Sources */ = {isa = PBXBuildFile; fileRef = 4323B7B92941013A005B8FBF /* AppDelegate.swift */; };
		4323B7BC2941013A005B8FBF /* SceneDelegate.swift in Sources */ = {isa = PBXBuildFile; fileRef = 4323B7BB2941013A005B8FBF /* SceneDelegate.swift */; };
		4323B7BE2941013A005B8FBF /* ViewController.swift in Sources */ = {isa = PBXBuildFile; fileRef = 4323B7BD2941013A005B8FBF /* ViewController.swift */; };
		4323B7C12941013A005B8FBF /* Main.storyboard in Resources */ = {isa = PBXBuildFile; fileRef = 4323B7BF2941013A005B8FBF /* Main.storyboard */; };
		4323B7C32941013C005B8FBF /* Assets.xcassets in Resources */ = {isa = PBXBuildFile; fileRef = 4323B7C22941013C005B8FBF /* Assets.xcassets */; };
		4323B7C62941013C005B8FBF /* LaunchScreen.storyboard in Resources */ = {isa = PBXBuildFile; fileRef = 4323B7C42941013C005B8FBF /* LaunchScreen.storyboard */; };
		4397A6CD294749DE009A722C /* LocationManager.swift in Sources */ = {isa = PBXBuildFile; fileRef = 4397A6CC294749DE009A722C /* LocationManager.swift */; };
		4397A6CF29474A16009A722C /* SearchViewController.swift in Sources */ = {isa = PBXBuildFile; fileRef = 4397A6CE29474A16009A722C /* SearchViewController.swift */; };
		4397A6D3294C9207009A722C /* EndDestination.swift in Sources */ = {isa = PBXBuildFile; fileRef = 4397A6D2294C9207009A722C /* EndDestination.swift */; };
		61F26ACC294E306D00B11A08 /* ImageSlideshow in Frameworks */ = {isa = PBXBuildFile; productRef = 61F26ACB294E306D00B11A08 /* ImageSlideshow */; };
		61F26ACE294E306D00B11A08 /* ImageSlideshow/Alamofire in Frameworks */ = {isa = PBXBuildFile; productRef = 61F26ACD294E306D00B11A08 /* ImageSlideshow/Alamofire */; };
		61F26AD0294E306D00B11A08 /* ImageSlideshow/Kingfisher in Frameworks */ = {isa = PBXBuildFile; productRef = 61F26ACF294E306D00B11A08 /* ImageSlideshow/Kingfisher */; };
		61F26AD2294E306D00B11A08 /* ImageSlideshow/SDWebImage in Frameworks */ = {isa = PBXBuildFile; productRef = 61F26AD1294E306D00B11A08 /* ImageSlideshow/SDWebImage */; };
		61F26AD4294E426B00B11A08 /* CustomTableViewCell.swift in Sources */ = {isa = PBXBuildFile; fileRef = 61F26AD3294E426B00B11A08 /* CustomTableViewCell.swift */; };
		61F26AD6294E42C400B11A08 /* TrafficViewController.swift in Sources */ = {isa = PBXBuildFile; fileRef = 61F26AD5294E42C400B11A08 /* TrafficViewController.swift */; };
		61F26AD8294E42F300B11A08 /* MapViewController.swift in Sources */ = {isa = PBXBuildFile; fileRef = 61F26AD7294E42F300B11A08 /* MapViewController.swift */; };
		61F26ADC294E452A00B11A08 /* HomeViewController.swift in Sources */ = {isa = PBXBuildFile; fileRef = 61F26ADB294E452A00B11A08 /* HomeViewController.swift */; };
		B0DDB861E1546EA3B2EB443B /* Pods_GRAB_K16.framework in Frameworks */ = {isa = PBXBuildFile; fileRef = CE6B273D7094803453628469 /* Pods_GRAB_K16.framework */; };
		FA76638C295217F500719156 /* Sign_UpViewController.swift in Sources */ = {isa = PBXBuildFile; fileRef = FA76638B295217F500719156 /* Sign_UpViewController.swift */; };
/* End PBXBuildFile section */

/* Begin PBXFileReference section */
		4323B7B62941013A005B8FBF /* GRAB_K16.app */ = {isa = PBXFileReference; explicitFileType = wrapper.application; includeInIndex = 0; path = GRAB_K16.app; sourceTree = BUILT_PRODUCTS_DIR; };
		4323B7B92941013A005B8FBF /* AppDelegate.swift */ = {isa = PBXFileReference; lastKnownFileType = sourcecode.swift; path = AppDelegate.swift; sourceTree = "<group>"; };
		4323B7BB2941013A005B8FBF /* SceneDelegate.swift */ = {isa = PBXFileReference; lastKnownFileType = sourcecode.swift; path = SceneDelegate.swift; sourceTree = "<group>"; };
		4323B7BD2941013A005B8FBF /* ViewController.swift */ = {isa = PBXFileReference; lastKnownFileType = sourcecode.swift; path = ViewController.swift; sourceTree = "<group>"; };
		4323B7C02941013A005B8FBF /* Base */ = {isa = PBXFileReference; lastKnownFileType = file.storyboard; name = Base; path = Base.lproj/Main.storyboard; sourceTree = "<group>"; };
		4323B7C22941013C005B8FBF /* Assets.xcassets */ = {isa = PBXFileReference; lastKnownFileType = folder.assetcatalog; path = Assets.xcassets; sourceTree = "<group>"; };
		4323B7C52941013C005B8FBF /* Base */ = {isa = PBXFileReference; lastKnownFileType = file.storyboard; name = Base; path = Base.lproj/LaunchScreen.storyboard; sourceTree = "<group>"; };
		4323B7C72941013C005B8FBF /* Info.plist */ = {isa = PBXFileReference; lastKnownFileType = text.plist.xml; path = Info.plist; sourceTree = "<group>"; };
		4397A6CC294749DE009A722C /* LocationManager.swift */ = {isa = PBXFileReference; lastKnownFileType = sourcecode.swift; path = LocationManager.swift; sourceTree = "<group>"; };
		4397A6CE29474A16009A722C /* SearchViewController.swift */ = {isa = PBXFileReference; lastKnownFileType = sourcecode.swift; path = SearchViewController.swift; sourceTree = "<group>"; };
		4397A6D2294C9207009A722C /* EndDestination.swift */ = {isa = PBXFileReference; lastKnownFileType = sourcecode.swift; path = EndDestination.swift; sourceTree = "<group>"; };
		61F26AD3294E426B00B11A08 /* CustomTableViewCell.swift */ = {isa = PBXFileReference; lastKnownFileType = sourcecode.swift; path = CustomTableViewCell.swift; sourceTree = "<group>"; };
		61F26AD5294E42C400B11A08 /* TrafficViewController.swift */ = {isa = PBXFileReference; lastKnownFileType = sourcecode.swift; path = TrafficViewController.swift; sourceTree = "<group>"; };
		61F26AD7294E42F300B11A08 /* MapViewController.swift */ = {isa = PBXFileReference; lastKnownFileType = sourcecode.swift; path = MapViewController.swift; sourceTree = "<group>"; };
		61F26ADB294E452A00B11A08 /* HomeViewController.swift */ = {isa = PBXFileReference; lastKnownFileType = sourcecode.swift; path = HomeViewController.swift; sourceTree = "<group>"; };
		63E8039C0239BDA9E85A569D /* Pods-GRAB_K16.release.xcconfig */ = {isa = PBXFileReference; includeInIndex = 1; lastKnownFileType = text.xcconfig; name = "Pods-GRAB_K16.release.xcconfig"; path = "Target Support Files/Pods-GRAB_K16/Pods-GRAB_K16.release.xcconfig"; sourceTree = "<group>"; };
		82139CD650CE053DC97B5058 /* Pods-GRAB_K16.debug.xcconfig */ = {isa = PBXFileReference; includeInIndex = 1; lastKnownFileType = text.xcconfig; name = "Pods-GRAB_K16.debug.xcconfig"; path = "Target Support Files/Pods-GRAB_K16/Pods-GRAB_K16.debug.xcconfig"; sourceTree = "<group>"; };
		CE6B273D7094803453628469 /* Pods_GRAB_K16.framework */ = {isa = PBXFileReference; explicitFileType = wrapper.framework; includeInIndex = 0; path = Pods_GRAB_K16.framework; sourceTree = BUILT_PRODUCTS_DIR; };
		FA76638B295217F500719156 /* Sign_UpViewController.swift */ = {isa = PBXFileReference; lastKnownFileType = sourcecode.swift; path = Sign_UpViewController.swift; sourceTree = "<group>"; };
/* End PBXFileReference section */

/* Begin PBXFrameworksBuildPhase section */
		4323B7B32941013A005B8FBF /* Frameworks */ = {
			isa = PBXFrameworksBuildPhase;
			buildActionMask = 2147483647;
			files = (
				61F26AD2294E306D00B11A08 /* ImageSlideshow/SDWebImage in Frameworks */,
				B0DDB861E1546EA3B2EB443B /* Pods_GRAB_K16.framework in Frameworks */,
				61F26ACE294E306D00B11A08 /* ImageSlideshow/Alamofire in Frameworks */,
				61F26ACC294E306D00B11A08 /* ImageSlideshow in Frameworks */,
				61F26AD0294E306D00B11A08 /* ImageSlideshow/Kingfisher in Frameworks */,
			);
			runOnlyForDeploymentPostprocessing = 0;
		};
/* End PBXFrameworksBuildPhase section */

/* Begin PBXGroup section */
		104BCE944F932BC6BA1DCD26 /* Frameworks */ = {
			isa = PBXGroup;
			children = (
				CE6B273D7094803453628469 /* Pods_GRAB_K16.framework */,
			);
			name = Frameworks;
			sourceTree = "<group>";
		};
		4323B7AD2941013A005B8FBF = {
			isa = PBXGroup;
			children = (
				4323B7B82941013A005B8FBF /* GRAB_K16 */,
				4323B7B72941013A005B8FBF /* Products */,
				D687CBD5D91A8D6905852E88 /* Pods */,
				104BCE944F932BC6BA1DCD26 /* Frameworks */,
			);
			sourceTree = "<group>";
		};
		4323B7B72941013A005B8FBF /* Products */ = {
			isa = PBXGroup;
			children = (
				4323B7B62941013A005B8FBF /* GRAB_K16.app */,
			);
			name = Products;
			sourceTree = "<group>";
		};
		4323B7B82941013A005B8FBF /* GRAB_K16 */ = {
			isa = PBXGroup;
			children = (
				4323B7D129410307005B8FBF /* Controler */,
				4323B7D8294104C5005B8FBF /* Services */,
				4323B7D7294104A1005B8FBF /* Common */,
				4323B7D229410310005B8FBF /* Model */,
				4323B7D0294102FE005B8FBF /* View */,
				4323B7B92941013A005B8FBF /* AppDelegate.swift */,
				4323B7BB2941013A005B8FBF /* SceneDelegate.swift */,
				4323B7C42941013C005B8FBF /* LaunchScreen.storyboard */,
				4323B7C72941013C005B8FBF /* Info.plist */,
			);
			path = GRAB_K16;
			sourceTree = "<group>";
		};
		4323B7D0294102FE005B8FBF /* View */ = {
			isa = PBXGroup;
			children = (
				4323B7BF2941013A005B8FBF /* Main.storyboard */,
				4323B7D629410428005B8FBF /* UITableViewCells */,
				4323B7D529410410005B8FBF /* UICollectionViewCells */,
			);
			path = View;
			sourceTree = "<group>";
		};
		4323B7D129410307005B8FBF /* Controler */ = {
			isa = PBXGroup;
			children = (
				61F26ADB294E452A00B11A08 /* HomeViewController.swift */,
				FA76638B295217F500719156 /* Sign_UpViewController.swift */,
				61F26AD3294E426B00B11A08 /* CustomTableViewCell.swift */,
				61F26AD5294E42C400B11A08 /* TrafficViewController.swift */,
				61F26AD7294E42F300B11A08 /* MapViewController.swift */,
				4323B7BD2941013A005B8FBF /* ViewController.swift */,
				4397A6D2294C9207009A722C /* EndDestination.swift */,
			);
			path = Controler;
			sourceTree = "<group>";
		};
		4323B7D229410310005B8FBF /* Model */ = {
			isa = PBXGroup;
			children = (
			);
			path = Model;
			sourceTree = "<group>";
		};
		4323B7D529410410005B8FBF /* UICollectionViewCells */ = {
			isa = PBXGroup;
			children = (
			);
			path = UICollectionViewCells;
			sourceTree = "<group>";
		};
		4323B7D629410428005B8FBF /* UITableViewCells */ = {
			isa = PBXGroup;
			children = (
			);
			path = UITableViewCells;
			sourceTree = "<group>";
		};
		4323B7D7294104A1005B8FBF /* Common */ = {
			isa = PBXGroup;
			children = (
				4323B7C22941013C005B8FBF /* Assets.xcassets */,
				4397A6CE29474A16009A722C /* SearchViewController.swift */,
				4397A6CC294749DE009A722C /* LocationManager.swift */,
			);
			path = Common;
			sourceTree = "<group>";
		};
		4323B7D8294104C5005B8FBF /* Services */ = {
			isa = PBXGroup;
			children = (
				4323B7D9294104FE005B8FBF /* Networking */,
			);
			path = Services;
			sourceTree = "<group>";
		};
		4323B7D9294104FE005B8FBF /* Networking */ = {
			isa = PBXGroup;
			children = (
				4323B7DA2941050C005B8FBF /* API */,
			);
			path = Networking;
			sourceTree = "<group>";
		};
		4323B7DA2941050C005B8FBF /* API */ = {
			isa = PBXGroup;
			children = (
			);
			path = API;
			sourceTree = "<group>";
		};
		D687CBD5D91A8D6905852E88 /* Pods */ = {
			isa = PBXGroup;
			children = (
				82139CD650CE053DC97B5058 /* Pods-GRAB_K16.debug.xcconfig */,
				63E8039C0239BDA9E85A569D /* Pods-GRAB_K16.release.xcconfig */,
			);
			path = Pods;
			sourceTree = "<group>";
		};
/* End PBXGroup section */

/* Begin PBXNativeTarget section */
		4323B7B52941013A005B8FBF /* GRAB_K16 */ = {
			isa = PBXNativeTarget;
			buildConfigurationList = 4323B7CA2941013C005B8FBF /* Build configuration list for PBXNativeTarget "GRAB_K16" */;
			buildPhases = (
				C5A67A0000FE91E8B9A03201 /* [CP] Check Pods Manifest.lock */,
				4323B7B22941013A005B8FBF /* Sources */,
				4323B7B32941013A005B8FBF /* Frameworks */,
				4323B7B42941013A005B8FBF /* Resources */,
				18CED9A6522CF1B0A4CAEE59 /* [CP] Embed Pods Frameworks */,
			);
			buildRules = (
			);
			dependencies = (
			);
			name = GRAB_K16;
			packageProductDependencies = (
				61F26ACB294E306D00B11A08 /* ImageSlideshow */,
				61F26ACD294E306D00B11A08 /* ImageSlideshow/Alamofire */,
				61F26ACF294E306D00B11A08 /* ImageSlideshow/Kingfisher */,
				61F26AD1294E306D00B11A08 /* ImageSlideshow/SDWebImage */,
			);
			productName = GRAB_K16;
			productReference = 4323B7B62941013A005B8FBF /* GRAB_K16.app */;
			productType = "com.apple.product-type.application";
		};
/* End PBXNativeTarget section */

/* Begin PBXProject section */
		4323B7AE2941013A005B8FBF /* Project object */ = {
			isa = PBXProject;
			attributes = {
				BuildIndependentTargetsInParallel = 1;
				LastSwiftUpdateCheck = 1340;
				LastUpgradeCheck = 1340;
				TargetAttributes = {
					4323B7B52941013A005B8FBF = {
						CreatedOnToolsVersion = 13.4.1;
					};
				};
			};
			buildConfigurationList = 4323B7B12941013A005B8FBF /* Build configuration list for PBXProject "GRAB_K16" */;
			compatibilityVersion = "Xcode 13.0";
			developmentRegion = en;
			hasScannedForEncodings = 0;
			knownRegions = (
				en,
				Base,
			);
			mainGroup = 4323B7AD2941013A005B8FBF;
			packageReferences = (
				61F26ACA294E306D00B11A08 /* XCRemoteSwiftPackageReference "ImageSlideshow" */,
			);
			productRefGroup = 4323B7B72941013A005B8FBF /* Products */;
			projectDirPath = "";
			projectRoot = "";
			targets = (
				4323B7B52941013A005B8FBF /* GRAB_K16 */,
			);
		};
/* End PBXProject section */

/* Begin PBXResourcesBuildPhase section */
		4323B7B42941013A005B8FBF /* Resources */ = {
			isa = PBXResourcesBuildPhase;
			buildActionMask = 2147483647;
			files = (
				4323B7C62941013C005B8FBF /* LaunchScreen.storyboard in Resources */,
				4323B7C32941013C005B8FBF /* Assets.xcassets in Resources */,
				4323B7C12941013A005B8FBF /* Main.storyboard in Resources */,
			);
			runOnlyForDeploymentPostprocessing = 0;
		};
/* End PBXResourcesBuildPhase section */

/* Begin PBXShellScriptBuildPhase section */
		18CED9A6522CF1B0A4CAEE59 /* [CP] Embed Pods Frameworks */ = {
			isa = PBXShellScriptBuildPhase;
			buildActionMask = 2147483647;
			files = (
			);
			inputFileListPaths = (
				"${PODS_ROOT}/Target Support Files/Pods-GRAB_K16/Pods-GRAB_K16-frameworks-${CONFIGURATION}-input-files.xcfilelist",
			);
			name = "[CP] Embed Pods Frameworks";
			outputFileListPaths = (
				"${PODS_ROOT}/Target Support Files/Pods-GRAB_K16/Pods-GRAB_K16-frameworks-${CONFIGURATION}-output-files.xcfilelist",
			);
			runOnlyForDeploymentPostprocessing = 0;
			shellPath = /bin/sh;
			shellScript = "\"${PODS_ROOT}/Target Support Files/Pods-GRAB_K16/Pods-GRAB_K16-frameworks.sh\"\n";
			showEnvVarsInLog = 0;
		};
		C5A67A0000FE91E8B9A03201 /* [CP] Check Pods Manifest.lock */ = {
			isa = PBXShellScriptBuildPhase;
			buildActionMask = 2147483647;
			files = (
			);
			inputFileListPaths = (
			);
			inputPaths = (
				"${PODS_PODFILE_DIR_PATH}/Podfile.lock",
				"${PODS_ROOT}/Manifest.lock",
			);
			name = "[CP] Check Pods Manifest.lock";
			outputFileListPaths = (
			);
			outputPaths = (
				"$(DERIVED_FILE_DIR)/Pods-GRAB_K16-checkManifestLockResult.txt",
			);
			runOnlyForDeploymentPostprocessing = 0;
			shellPath = /bin/sh;
			shellScript = "diff \"${PODS_PODFILE_DIR_PATH}/Podfile.lock\" \"${PODS_ROOT}/Manifest.lock\" > /dev/null\nif [ $? != 0 ] ; then\n    # print error to STDERR\n    echo \"error: The sandbox is not in sync with the Podfile.lock. Run 'pod install' or update your CocoaPods installation.\" >&2\n    exit 1\nfi\n# This output is used by Xcode 'outputs' to avoid re-running this script phase.\necho \"SUCCESS\" > \"${SCRIPT_OUTPUT_FILE_0}\"\n";
			showEnvVarsInLog = 0;
		};
/* End PBXShellScriptBuildPhase section */

/* Begin PBXSourcesBuildPhase section */
		4323B7B22941013A005B8FBF /* Sources */ = {
			isa = PBXSourcesBuildPhase;
			buildActionMask = 2147483647;
			files = (
				61F26AD8294E42F300B11A08 /* MapViewController.swift in Sources */,
				4397A6D3294C9207009A722C /* EndDestination.swift in Sources */,
				61F26AD4294E426B00B11A08 /* CustomTableViewCell.swift in Sources */,
				FA76638C295217F500719156 /* Sign_UpViewController.swift in Sources */,
				61F26AD6294E42C400B11A08 /* TrafficViewController.swift in Sources */,
				4397A6CF29474A16009A722C /* SearchViewController.swift in Sources */,
				4397A6CD294749DE009A722C /* LocationManager.swift in Sources */,
				4323B7BE2941013A005B8FBF /* ViewController.swift in Sources */,
				61F26ADC294E452A00B11A08 /* HomeViewController.swift in Sources */,
				4323B7BA2941013A005B8FBF /* AppDelegate.swift in Sources */,
				4323B7BC2941013A005B8FBF /* SceneDelegate.swift in Sources */,
			);
			runOnlyForDeploymentPostprocessing = 0;
		};
/* End PBXSourcesBuildPhase section */

/* Begin PBXVariantGroup section */
		4323B7BF2941013A005B8FBF /* Main.storyboard */ = {
			isa = PBXVariantGroup;
			children = (
				4323B7C02941013A005B8FBF /* Base */,
			);
			name = Main.storyboard;
			sourceTree = "<group>";
		};
		4323B7C42941013C005B8FBF /* LaunchScreen.storyboard */ = {
			isa = PBXVariantGroup;
			children = (
				4323B7C52941013C005B8FBF /* Base */,
			);
			name = LaunchScreen.storyboard;
			sourceTree = "<group>";
		};
/* End PBXVariantGroup section */

/* Begin XCBuildConfiguration section */
		4323B7C82941013C005B8FBF /* Debug */ = {
			isa = XCBuildConfiguration;
			buildSettings = {
				ALWAYS_SEARCH_USER_PATHS = NO;
				CLANG_ANALYZER_NONNULL = YES;
				CLANG_ANALYZER_NUMBER_OBJECT_CONVERSION = YES_AGGRESSIVE;
				CLANG_CXX_LANGUAGE_STANDARD = "gnu++17";
				CLANG_ENABLE_MODULES = YES;
				CLANG_ENABLE_OBJC_ARC = YES;
				CLANG_ENABLE_OBJC_WEAK = YES;
				CLANG_WARN_BLOCK_CAPTURE_AUTORELEASING = YES;
				CLANG_WARN_BOOL_CONVERSION = YES;
				CLANG_WARN_COMMA = YES;
				CLANG_WARN_CONSTANT_CONVERSION = YES;
				CLANG_WARN_DEPRECATED_OBJC_IMPLEMENTATIONS = YES;
				CLANG_WARN_DIRECT_OBJC_ISA_USAGE = YES_ERROR;
				CLANG_WARN_DOCUMENTATION_COMMENTS = YES;
				CLANG_WARN_EMPTY_BODY = YES;
				CLANG_WARN_ENUM_CONVERSION = YES;
				CLANG_WARN_INFINITE_RECURSION = YES;
				CLANG_WARN_INT_CONVERSION = YES;
				CLANG_WARN_NON_LITERAL_NULL_CONVERSION = YES;
				CLANG_WARN_OBJC_IMPLICIT_RETAIN_SELF = YES;
				CLANG_WARN_OBJC_LITERAL_CONVERSION = YES;
				CLANG_WARN_OBJC_ROOT_CLASS = YES_ERROR;
				CLANG_WARN_QUOTED_INCLUDE_IN_FRAMEWORK_HEADER = YES;
				CLANG_WARN_RANGE_LOOP_ANALYSIS = YES;
				CLANG_WARN_STRICT_PROTOTYPES = YES;
				CLANG_WARN_SUSPICIOUS_MOVE = YES;
				CLANG_WARN_UNGUARDED_AVAILABILITY = YES_AGGRESSIVE;
				CLANG_WARN_UNREACHABLE_CODE = YES;
				CLANG_WARN__DUPLICATE_METHOD_MATCH = YES;
				COPY_PHASE_STRIP = NO;
				DEBUG_INFORMATION_FORMAT = dwarf;
				ENABLE_STRICT_OBJC_MSGSEND = YES;
				ENABLE_TESTABILITY = YES;
				GCC_C_LANGUAGE_STANDARD = gnu11;
				GCC_DYNAMIC_NO_PIC = NO;
				GCC_NO_COMMON_BLOCKS = YES;
				GCC_OPTIMIZATION_LEVEL = 0;
				GCC_PREPROCESSOR_DEFINITIONS = (
					"DEBUG=1",
					"$(inherited)",
				);
				GCC_WARN_64_TO_32_BIT_CONVERSION = YES;
				GCC_WARN_ABOUT_RETURN_TYPE = YES_ERROR;
				GCC_WARN_UNDECLARED_SELECTOR = YES;
				GCC_WARN_UNINITIALIZED_AUTOS = YES_AGGRESSIVE;
				GCC_WARN_UNUSED_FUNCTION = YES;
				GCC_WARN_UNUSED_VARIABLE = YES;
				IPHONEOS_DEPLOYMENT_TARGET = 15.5;
				MTL_ENABLE_DEBUG_INFO = INCLUDE_SOURCE;
				MTL_FAST_MATH = YES;
				ONLY_ACTIVE_ARCH = YES;
				SDKROOT = iphoneos;
				SWIFT_ACTIVE_COMPILATION_CONDITIONS = DEBUG;
				SWIFT_OPTIMIZATION_LEVEL = "-Onone";
			};
			name = Debug;
		};
		4323B7C92941013C005B8FBF /* Release */ = {
			isa = XCBuildConfiguration;
			buildSettings = {
				ALWAYS_SEARCH_USER_PATHS = NO;
				CLANG_ANALYZER_NONNULL = YES;
				CLANG_ANALYZER_NUMBER_OBJECT_CONVERSION = YES_AGGRESSIVE;
				CLANG_CXX_LANGUAGE_STANDARD = "gnu++17";
				CLANG_ENABLE_MODULES = YES;
				CLANG_ENABLE_OBJC_ARC = YES;
				CLANG_ENABLE_OBJC_WEAK = YES;
				CLANG_WARN_BLOCK_CAPTURE_AUTORELEASING = YES;
				CLANG_WARN_BOOL_CONVERSION = YES;
				CLANG_WARN_COMMA = YES;
				CLANG_WARN_CONSTANT_CONVERSION = YES;
				CLANG_WARN_DEPRECATED_OBJC_IMPLEMENTATIONS = YES;
				CLANG_WARN_DIRECT_OBJC_ISA_USAGE = YES_ERROR;
				CLANG_WARN_DOCUMENTATION_COMMENTS = YES;
				CLANG_WARN_EMPTY_BODY = YES;
				CLANG_WARN_ENUM_CONVERSION = YES;
				CLANG_WARN_INFINITE_RECURSION = YES;
				CLANG_WARN_INT_CONVERSION = YES;
				CLANG_WARN_NON_LITERAL_NULL_CONVERSION = YES;
				CLANG_WARN_OBJC_IMPLICIT_RETAIN_SELF = YES;
				CLANG_WARN_OBJC_LITERAL_CONVERSION = YES;
				CLANG_WARN_OBJC_ROOT_CLASS = YES_ERROR;
				CLANG_WARN_QUOTED_INCLUDE_IN_FRAMEWORK_HEADER = YES;
				CLANG_WARN_RANGE_LOOP_ANALYSIS = YES;
				CLANG_WARN_STRICT_PROTOTYPES = YES;
				CLANG_WARN_SUSPICIOUS_MOVE = YES;
				CLANG_WARN_UNGUARDED_AVAILABILITY = YES_AGGRESSIVE;
				CLANG_WARN_UNREACHABLE_CODE = YES;
				CLANG_WARN__DUPLICATE_METHOD_MATCH = YES;
				COPY_PHASE_STRIP = NO;
				DEBUG_INFORMATION_FORMAT = "dwarf-with-dsym";
				ENABLE_NS_ASSERTIONS = NO;
				ENABLE_STRICT_OBJC_MSGSEND = YES;
				GCC_C_LANGUAGE_STANDARD = gnu11;
				GCC_NO_COMMON_BLOCKS = YES;
				GCC_WARN_64_TO_32_BIT_CONVERSION = YES;
				GCC_WARN_ABOUT_RETURN_TYPE = YES_ERROR;
				GCC_WARN_UNDECLARED_SELECTOR = YES;
				GCC_WARN_UNINITIALIZED_AUTOS = YES_AGGRESSIVE;
				GCC_WARN_UNUSED_FUNCTION = YES;
				GCC_WARN_UNUSED_VARIABLE = YES;
				IPHONEOS_DEPLOYMENT_TARGET = 15.5;
				MTL_ENABLE_DEBUG_INFO = NO;
				MTL_FAST_MATH = YES;
				SDKROOT = iphoneos;
				SWIFT_COMPILATION_MODE = wholemodule;
				SWIFT_OPTIMIZATION_LEVEL = "-O";
				VALIDATE_PRODUCT = YES;
			};
			name = Release;
		};
		4323B7CB2941013C005B8FBF /* Debug */ = {
			isa = XCBuildConfiguration;
			baseConfigurationReference = 82139CD650CE053DC97B5058 /* Pods-GRAB_K16.debug.xcconfig */;
			buildSettings = {
				ASSETCATALOG_COMPILER_APPICON_NAME = AppIcon;
				ASSETCATALOG_COMPILER_GLOBAL_ACCENT_COLOR_NAME = AccentColor;
				CODE_SIGN_STYLE = Automatic;
				CURRENT_PROJECT_VERSION = 1;
				GENERATE_INFOPLIST_FILE = YES;
				INFOPLIST_FILE = GRAB_K16/Info.plist;
				INFOPLIST_KEY_UIApplicationSupportsIndirectInputEvents = YES;
				INFOPLIST_KEY_UILaunchStoryboardName = LaunchScreen;
				INFOPLIST_KEY_UIMainStoryboardFile = Main;
				INFOPLIST_KEY_UISupportedInterfaceOrientations_iPad = "UIInterfaceOrientationPortrait UIInterfaceOrientationPortraitUpsideDown UIInterfaceOrientationLandscapeLeft UIInterfaceOrientationLandscapeRight";
				INFOPLIST_KEY_UISupportedInterfaceOrientations_iPhone = "UIInterfaceOrientationPortrait UIInterfaceOrientationLandscapeLeft UIInterfaceOrientationLandscapeRight";
				LD_RUNPATH_SEARCH_PATHS = (
					"$(inherited)",
					"@executable_path/Frameworks",
				);
				MARKETING_VERSION = 1.0;
				PRODUCT_BUNDLE_IDENTIFIER = "com.duongvancuong.GRAB-K16";
				PRODUCT_NAME = "$(TARGET_NAME)";
				SWIFT_EMIT_LOC_STRINGS = YES;
				SWIFT_VERSION = 5.0;
				TARGETED_DEVICE_FAMILY = "1,2";
			};
			name = Debug;
		};
		4323B7CC2941013C005B8FBF /* Release */ = {
			isa = XCBuildConfiguration;
			baseConfigurationReference = 63E8039C0239BDA9E85A569D /* Pods-GRAB_K16.release.xcconfig */;
			buildSettings = {
				ASSETCATALOG_COMPILER_APPICON_NAME = AppIcon;
				ASSETCATALOG_COMPILER_GLOBAL_ACCENT_COLOR_NAME = AccentColor;
				CODE_SIGN_STYLE = Automatic;
				CURRENT_PROJECT_VERSION = 1;
				GENERATE_INFOPLIST_FILE = YES;
				INFOPLIST_FILE = GRAB_K16/Info.plist;
				INFOPLIST_KEY_UIApplicationSupportsIndirectInputEvents = YES;
				INFOPLIST_KEY_UILaunchStoryboardName = LaunchScreen;
				INFOPLIST_KEY_UIMainStoryboardFile = Main;
				INFOPLIST_KEY_UISupportedInterfaceOrientations_iPad = "UIInterfaceOrientationPortrait UIInterfaceOrientationPortraitUpsideDown UIInterfaceOrientationLandscapeLeft UIInterfaceOrientationLandscapeRight";
				INFOPLIST_KEY_UISupportedInterfaceOrientations_iPhone = "UIInterfaceOrientationPortrait UIInterfaceOrientationLandscapeLeft UIInterfaceOrientationLandscapeRight";
				LD_RUNPATH_SEARCH_PATHS = (
					"$(inherited)",
					"@executable_path/Frameworks",
				);
				MARKETING_VERSION = 1.0;
				PRODUCT_BUNDLE_IDENTIFIER = "com.duongvancuong.GRAB-K16";
				PRODUCT_NAME = "$(TARGET_NAME)";
				SWIFT_EMIT_LOC_STRINGS = YES;
				SWIFT_VERSION = 5.0;
				TARGETED_DEVICE_FAMILY = "1,2";
			};
			name = Release;
		};
/* End XCBuildConfiguration section */

/* Begin XCConfigurationList section */
		4323B7B12941013A005B8FBF /* Build configuration list for PBXProject "GRAB_K16" */ = {
			isa = XCConfigurationList;
			buildConfigurations = (
				4323B7C82941013C005B8FBF /* Debug */,
				4323B7C92941013C005B8FBF /* Release */,
			);
			defaultConfigurationIsVisible = 0;
			defaultConfigurationName = Release;
		};
		4323B7CA2941013C005B8FBF /* Build configuration list for PBXNativeTarget "GRAB_K16" */ = {
			isa = XCConfigurationList;
			buildConfigurations = (
				4323B7CB2941013C005B8FBF /* Debug */,
				4323B7CC2941013C005B8FBF /* Release */,
			);
			defaultConfigurationIsVisible = 0;
			defaultConfigurationName = Release;
		};
/* End XCConfigurationList section */

/* Begin XCRemoteSwiftPackageReference section */
		61F26ACA294E306D00B11A08 /* XCRemoteSwiftPackageReference "ImageSlideshow" */ = {
			isa = XCRemoteSwiftPackageReference;
			repositoryURL = "https://github.com/zvonicek/ImageSlideshow.git";
			requirement = {
				branch = master;
				kind = branch;
			};
		};
/* End XCRemoteSwiftPackageReference section */

/* Begin XCSwiftPackageProductDependency section */
		61F26ACB294E306D00B11A08 /* ImageSlideshow */ = {
			isa = XCSwiftPackageProductDependency;
			package = 61F26ACA294E306D00B11A08 /* XCRemoteSwiftPackageReference "ImageSlideshow" */;
			productName = ImageSlideshow;
		};
		61F26ACD294E306D00B11A08 /* ImageSlideshow/Alamofire */ = {
			isa = XCSwiftPackageProductDependency;
			package = 61F26ACA294E306D00B11A08 /* XCRemoteSwiftPackageReference "ImageSlideshow" */;
			productName = ImageSlideshow/Alamofire;
		};
		61F26ACF294E306D00B11A08 /* ImageSlideshow/Kingfisher */ = {
			isa = XCSwiftPackageProductDependency;
			package = 61F26ACA294E306D00B11A08 /* XCRemoteSwiftPackageReference "ImageSlideshow" */;
			productName = ImageSlideshow/Kingfisher;
		};
		61F26AD1294E306D00B11A08 /* ImageSlideshow/SDWebImage */ = {
			isa = XCSwiftPackageProductDependency;
			package = 61F26ACA294E306D00B11A08 /* XCRemoteSwiftPackageReference "ImageSlideshow" */;
			productName = ImageSlideshow/SDWebImage;
		};
/* End XCSwiftPackageProductDependency section */
	};
	rootObject = 4323B7AE2941013A005B8FBF /* Project object */;
}
