// !$*UTF8*$!
{
	archiveVersion = 1;
	classes = {
	};
	objectVersion = 55;
	objects = {

/* Begin PBXBuildFile section */
		4323B7BA2941013A005B8FBF /* AppDelegate.swift in Sources */ = {isa = PBXBuildFile; fileRef = 4323B7B92941013A005B8FBF /* AppDelegate.swift */; };
		4323B7BC2941013A005B8FBF /* SceneDelegate.swift in Sources */ = {isa = PBXBuildFile; fileRef = 4323B7BB2941013A005B8FBF /* SceneDelegate.swift */; };
		4323B7BE2941013A005B8FBF /* ViewController.swift in Sources */ = {isa = PBXBuildFile; fileRef = 4323B7BD2941013A005B8FBF /* ViewController.swift */; };
		4323B7C12941013A005B8FBF /* Main.storyboard in Resources */ = {isa = PBXBuildFile; fileRef = 4323B7BF2941013A005B8FBF /* Main.storyboard */; };
		4323B7C32941013C005B8FBF /* Assets.xcassets in Resources */ = {isa = PBXBuildFile; fileRef = 4323B7C22941013C005B8FBF /* Assets.xcassets */; };
		4323B7C62941013C005B8FBF /* LaunchScreen.storyboard in Resources */ = {isa = PBXBuildFile; fileRef = 4323B7C42941013C005B8FBF /* LaunchScreen.storyboard */; };
		9B5741782947870B00D943A2 /* DanhSachXeTableViewCell.swift in Sources */ = {isa = PBXBuildFile; fileRef = 9B5741762947870B00D943A2 /* DanhSachXeTableViewCell.swift */; };
		9B5741792947870B00D943A2 /* DanhSachXeTableViewCell.xib in Resources */ = {isa = PBXBuildFile; fileRef = 9B5741772947870B00D943A2 /* DanhSachXeTableViewCell.xib */; };
		9B57417B294A054A00D943A2 /* bookCartModel.swift in Sources */ = {isa = PBXBuildFile; fileRef = 9B57417A294A054A00D943A2 /* bookCartModel.swift */; };
		9B57417E294A057100D943A2 /* Alamofire in Frameworks */ = {isa = PBXBuildFile; productRef = 9B57417D294A057100D943A2 /* Alamofire */; };
		9B574180294A077500D943A2 /* APIHandler.swift in Sources */ = {isa = PBXBuildFile; fileRef = 9B57417F294A077500D943A2 /* APIHandler.swift */; };
		9B574183294A1CBA00D943A2 /* Kingfisher in Frameworks */ = {isa = PBXBuildFile; productRef = 9B574182294A1CBA00D943A2 /* Kingfisher */; };
		9B574187294A366C00D943A2 /* DanhSachBookCarView.swift in Sources */ = {isa = PBXBuildFile; fileRef = 9B574186294A366C00D943A2 /* DanhSachBookCarView.swift */; };
/* End PBXBuildFile section */

/* Begin PBXFileReference section */
		4323B7B62941013A005B8FBF /* GRAB_K16.app */ = {isa = PBXFileReference; explicitFileType = wrapper.application; includeInIndex = 0; path = GRAB_K16.app; sourceTree = BUILT_PRODUCTS_DIR; };
		4323B7B92941013A005B8FBF /* AppDelegate.swift */ = {isa = PBXFileReference; lastKnownFileType = sourcecode.swift; path = AppDelegate.swift; sourceTree = "<group>"; };
		4323B7BB2941013A005B8FBF /* SceneDelegate.swift */ = {isa = PBXFileReference; lastKnownFileType = sourcecode.swift; path = SceneDelegate.swift; sourceTree = "<group>"; };
		4323B7BD2941013A005B8FBF /* ViewController.swift */ = {isa = PBXFileReference; lastKnownFileType = sourcecode.swift; path = ViewController.swift; sourceTree = "<group>"; };
		4323B7C02941013A005B8FBF /* Base */ = {isa = PBXFileReference; lastKnownFileType = file.storyboard; name = Base; path = Base.lproj/Main.storyboard; sourceTree = "<group>"; };
		4323B7C22941013C005B8FBF /* Assets.xcassets */ = {isa = PBXFileReference; lastKnownFileType = folder.assetcatalog; path = Assets.xcassets; sourceTree = "<group>"; };
		4323B7C52941013C005B8FBF /* Base */ = {isa = PBXFileReference; lastKnownFileType = file.storyboard; name = Base; path = Base.lproj/LaunchScreen.storyboard; sourceTree = "<group>"; };
		4323B7C72941013C005B8FBF /* Info.plist */ = {isa = PBXFileReference; lastKnownFileType = text.plist.xml; path = Info.plist; sourceTree = "<group>"; };
		9B5741762947870B00D943A2 /* DanhSachXeTableViewCell.swift */ = {isa = PBXFileReference; lastKnownFileType = sourcecode.swift; path = DanhSachXeTableViewCell.swift; sourceTree = "<group>"; };
		9B5741772947870B00D943A2 /* DanhSachXeTableViewCell.xib */ = {isa = PBXFileReference; lastKnownFileType = file.xib; path = DanhSachXeTableViewCell.xib; sourceTree = "<group>"; };
		9B57417A294A054A00D943A2 /* bookCartModel.swift */ = {isa = PBXFileReference; lastKnownFileType = sourcecode.swift; path = bookCartModel.swift; sourceTree = "<group>"; };
		9B57417F294A077500D943A2 /* APIHandler.swift */ = {isa = PBXFileReference; lastKnownFileType = sourcecode.swift; path = APIHandler.swift; sourceTree = "<group>"; };
		9B574186294A366C00D943A2 /* DanhSachBookCarView.swift */ = {isa = PBXFileReference; lastKnownFileType = sourcecode.swift; path = DanhSachBookCarView.swift; sourceTree = "<group>"; };
/* End PBXFileReference section */

/* Begin PBXFrameworksBuildPhase section */
		4323B7B32941013A005B8FBF /* Frameworks */ = {
			isa = PBXFrameworksBuildPhase;
			buildActionMask = 2147483647;
			files = (
				9B574183294A1CBA00D943A2 /* Kingfisher in Frameworks */,
				9B57417E294A057100D943A2 /* Alamofire in Frameworks */,
			);
			runOnlyForDeploymentPostprocessing = 0;
		};
/* End PBXFrameworksBuildPhase section */

/* Begin PBXGroup section */
		4323B7AD2941013A005B8FBF = {
			isa = PBXGroup;
			children = (
				4323B7B82941013A005B8FBF /* GRAB_K16 */,
				4323B7B72941013A005B8FBF /* Products */,
			);
			sourceTree = "<group>";
		};
		4323B7B72941013A005B8FBF /* Products */ = {
			isa = PBXGroup;
			children = (
				4323B7B62941013A005B8FBF /* GRAB_K16.app */,
			);
			name = Products;
			sourceTree = "<group>";
		};
		4323B7B82941013A005B8FBF /* GRAB_K16 */ = {
			isa = PBXGroup;
			children = (
				4323B7D8294104C5005B8FBF /* Services */,
				4323B7D7294104A1005B8FBF /* Common */,
				4323B7D229410310005B8FBF /* Model */,
				4323B7D129410307005B8FBF /* Controler */,
				4323B7D0294102FE005B8FBF /* View */,
				4323B7B92941013A005B8FBF /* AppDelegate.swift */,
				4323B7BB2941013A005B8FBF /* SceneDelegate.swift */,
				4323B7BF2941013A005B8FBF /* Main.storyboard */,
				4323B7C22941013C005B8FBF /* Assets.xcassets */,
				4323B7C42941013C005B8FBF /* LaunchScreen.storyboard */,
				4323B7C72941013C005B8FBF /* Info.plist */,
			);
			path = GRAB_K16;
			sourceTree = "<group>";
		};
		4323B7D0294102FE005B8FBF /* View */ = {
			isa = PBXGroup;
			children = (
				4323B7BD2941013A005B8FBF /* ViewController.swift */,
				4323B7D629410428005B8FBF /* UITableViewCells */,
				4323B7D529410410005B8FBF /* UICollectionViewCells */,
				9B574186294A366C00D943A2 /* DanhSachBookCarView.swift */,
			);
			path = View;
			sourceTree = "<group>";
		};
		4323B7D129410307005B8FBF /* Controler */ = {
			isa = PBXGroup;
			children = (
			);
			path = Controler;
			sourceTree = "<group>";
		};
		4323B7D229410310005B8FBF /* Model */ = {
			isa = PBXGroup;
			children = (
				9B57417A294A054A00D943A2 /* bookCartModel.swift */,
			);
			path = Model;
			sourceTree = "<group>";
		};
		4323B7D529410410005B8FBF /* UICollectionViewCells */ = {
			isa = PBXGroup;
			children = (
			);
			path = UICollectionViewCells;
			sourceTree = "<group>";
		};
		4323B7D629410428005B8FBF /* UITableViewCells */ = {
			isa = PBXGroup;
			children = (
				9B5741762947870B00D943A2 /* DanhSachXeTableViewCell.swift */,
				9B5741772947870B00D943A2 /* DanhSachXeTableViewCell.xib */,
			);
			path = UITableViewCells;
			sourceTree = "<group>";
		};
		4323B7D7294104A1005B8FBF /* Common */ = {
			isa = PBXGroup;
			children = (
			);
			path = Common;
			sourceTree = "<group>";
		};
		4323B7D8294104C5005B8FBF /* Services */ = {
			isa = PBXGroup;
			children = (
				4323B7D9294104FE005B8FBF /* Networking */,
			);
			path = Services;
			sourceTree = "<group>";
		};
		4323B7D9294104FE005B8FBF /* Networking */ = {
			isa = PBXGroup;
			children = (
				4323B7DA2941050C005B8FBF /* API */,
			);
			path = Networking;
			sourceTree = "<group>";
		};
		4323B7DA2941050C005B8FBF /* API */ = {
			isa = PBXGroup;
			children = (
				9B57417F294A077500D943A2 /* APIHandler.swift */,
			);
			path = API;
			sourceTree = "<group>";
		};
/* End PBXGroup section */

/* Begin PBXNativeTarget section */
		4323B7B52941013A005B8FBF /* GRAB_K16 */ = {
			isa = PBXNativeTarget;
			buildConfigurationList = 4323B7CA2941013C005B8FBF /* Build configuration list for PBXNativeTarget "GRAB_K16" */;
			buildPhases = (
				4323B7B22941013A005B8FBF /* Sources */,
				4323B7B32941013A005B8FBF /* Frameworks */,
				4323B7B42941013A005B8FBF /* Resources */,
			);
			buildRules = (
			);
			dependencies = (
			);
			name = GRAB_K16;
			packageProductDependencies = (
				9B57417D294A057100D943A2 /* Alamofire */,
				9B574182294A1CBA00D943A2 /* Kingfisher */,
			);
			productName = GRAB_K16;
			productReference = 4323B7B62941013A005B8FBF /* GRAB_K16.app */;
			productType = "com.apple.product-type.application";
		};
/* End PBXNativeTarget section */

/* Begin PBXProject section */
		4323B7AE2941013A005B8FBF /* Project object */ = {
			isa = PBXProject;
			attributes = {
				BuildIndependentTargetsInParallel = 1;
				LastSwiftUpdateCheck = 1340;
				LastUpgradeCheck = 1340;
				TargetAttributes = {
					4323B7B52941013A005B8FBF = {
						CreatedOnToolsVersion = 13.4.1;
					};
				};
			};
			buildConfigurationList = 4323B7B12941013A005B8FBF /* Build configuration list for PBXProject "GRAB_K16" */;
			compatibilityVersion = "Xcode 13.0";
			developmentRegion = en;
			hasScannedForEncodings = 0;
			knownRegions = (
				en,
				Base,
			);
			mainGroup = 4323B7AD2941013A005B8FBF;
			packageReferences = (
				9B57417C294A057100D943A2 /* XCRemoteSwiftPackageReference "Alamofire" */,
				9B574181294A1CBA00D943A2 /* XCRemoteSwiftPackageReference "Kingfisher" */,
			);
			productRefGroup = 4323B7B72941013A005B8FBF /* Products */;
			projectDirPath = "";
			projectRoot = "";
			targets = (
				4323B7B52941013A005B8FBF /* GRAB_K16 */,
			);
		};
/* End PBXProject section */

/* Begin PBXResourcesBuildPhase section */
		4323B7B42941013A005B8FBF /* Resources */ = {
			isa = PBXResourcesBuildPhase;
			buildActionMask = 2147483647;
			files = (
				4323B7C62941013C005B8FBF /* LaunchScreen.storyboard in Resources */,
				4323B7C32941013C005B8FBF /* Assets.xcassets in Resources */,
				9B5741792947870B00D943A2 /* DanhSachXeTableViewCell.xib in Resources */,
				4323B7C12941013A005B8FBF /* Main.storyboard in Resources */,
			);
			runOnlyForDeploymentPostprocessing = 0;
		};
/* End PBXResourcesBuildPhase section */

/* Begin PBXSourcesBuildPhase section */
		4323B7B22941013A005B8FBF /* Sources */ = {
			isa = PBXSourcesBuildPhase;
			buildActionMask = 2147483647;
			files = (
				4323B7BE2941013A005B8FBF /* ViewController.swift in Sources */,
				9B57417B294A054A00D943A2 /* bookCartModel.swift in Sources */,
				4323B7BA2941013A005B8FBF /* AppDelegate.swift in Sources */,
				9B574180294A077500D943A2 /* APIHandler.swift in Sources */,
				9B574187294A366C00D943A2 /* DanhSachBookCarView.swift in Sources */,
				9B5741782947870B00D943A2 /* DanhSachXeTableViewCell.swift in Sources */,
				4323B7BC2941013A005B8FBF /* SceneDelegate.swift in Sources */,
			);
			runOnlyForDeploymentPostprocessing = 0;
		};
/* End PBXSourcesBuildPhase section */

/* Begin PBXVariantGroup section */
		4323B7BF2941013A005B8FBF /* Main.storyboard */ = {
			isa = PBXVariantGroup;
			children = (
				4323B7C02941013A005B8FBF /* Base */,
			);
			name = Main.storyboard;
			sourceTree = "<group>";
		};
		4323B7C42941013C005B8FBF /* LaunchScreen.storyboard */ = {
			isa = PBXVariantGroup;
			children = (
				4323B7C52941013C005B8FBF /* Base */,
			);
			name = LaunchScreen.storyboard;
			sourceTree = "<group>";
		};
/* End PBXVariantGroup section */

/* Begin XCBuildConfiguration section */
		4323B7C82941013C005B8FBF /* Debug */ = {
			isa = XCBuildConfiguration;
			buildSettings = {
				ALWAYS_SEARCH_USER_PATHS = NO;
				CLANG_ANALYZER_NONNULL = YES;
				CLANG_ANALYZER_NUMBER_OBJECT_CONVERSION = YES_AGGRESSIVE;
				CLANG_CXX_LANGUAGE_STANDARD = "gnu++17";
				CLANG_ENABLE_MODULES = YES;
				CLANG_ENABLE_OBJC_ARC = YES;
				CLANG_ENABLE_OBJC_WEAK = YES;
				CLANG_WARN_BLOCK_CAPTURE_AUTORELEASING = YES;
				CLANG_WARN_BOOL_CONVERSION = YES;
				CLANG_WARN_COMMA = YES;
				CLANG_WARN_CONSTANT_CONVERSION = YES;
				CLANG_WARN_DEPRECATED_OBJC_IMPLEMENTATIONS = YES;
				CLANG_WARN_DIRECT_OBJC_ISA_USAGE = YES_ERROR;
				CLANG_WARN_DOCUMENTATION_COMMENTS = YES;
				CLANG_WARN_EMPTY_BODY = YES;
				CLANG_WARN_ENUM_CONVERSION = YES;
				CLANG_WARN_INFINITE_RECURSION = YES;
				CLANG_WARN_INT_CONVERSION = YES;
				CLANG_WARN_NON_LITERAL_NULL_CONVERSION = YES;
				CLANG_WARN_OBJC_IMPLICIT_RETAIN_SELF = YES;
				CLANG_WARN_OBJC_LITERAL_CONVERSION = YES;
				CLANG_WARN_OBJC_ROOT_CLASS = YES_ERROR;
				CLANG_WARN_QUOTED_INCLUDE_IN_FRAMEWORK_HEADER = YES;
				CLANG_WARN_RANGE_LOOP_ANALYSIS = YES;
				CLANG_WARN_STRICT_PROTOTYPES = YES;
				CLANG_WARN_SUSPICIOUS_MOVE = YES;
				CLANG_WARN_UNGUARDED_AVAILABILITY = YES_AGGRESSIVE;
				CLANG_WARN_UNREACHABLE_CODE = YES;
				CLANG_WARN__DUPLICATE_METHOD_MATCH = YES;
				COPY_PHASE_STRIP = NO;
				DEBUG_INFORMATION_FORMAT = dwarf;
				ENABLE_STRICT_OBJC_MSGSEND = YES;
				ENABLE_TESTABILITY = YES;
				GCC_C_LANGUAGE_STANDARD = gnu11;
				GCC_DYNAMIC_NO_PIC = NO;
				GCC_NO_COMMON_BLOCKS = YES;
				GCC_OPTIMIZATION_LEVEL = 0;
				GCC_PREPROCESSOR_DEFINITIONS = (
					"DEBUG=1",
					"$(inherited)",
				);
				GCC_WARN_64_TO_32_BIT_CONVERSION = YES;
				GCC_WARN_ABOUT_RETURN_TYPE = YES_ERROR;
				GCC_WARN_UNDECLARED_SELECTOR = YES;
				GCC_WARN_UNINITIALIZED_AUTOS = YES_AGGRESSIVE;
				GCC_WARN_UNUSED_FUNCTION = YES;
				GCC_WARN_UNUSED_VARIABLE = YES;
				IPHONEOS_DEPLOYMENT_TARGET = 15.5;
				MTL_ENABLE_DEBUG_INFO = INCLUDE_SOURCE;
				MTL_FAST_MATH = YES;
				ONLY_ACTIVE_ARCH = YES;
				SDKROOT = iphoneos;
				SWIFT_ACTIVE_COMPILATION_CONDITIONS = DEBUG;
				SWIFT_OPTIMIZATION_LEVEL = "-Onone";
			};
			name = Debug;
		};
		4323B7C92941013C005B8FBF /* Release */ = {
			isa = XCBuildConfiguration;
			buildSettings = {
				ALWAYS_SEARCH_USER_PATHS = NO;
				CLANG_ANALYZER_NONNULL = YES;
				CLANG_ANALYZER_NUMBER_OBJECT_CONVERSION = YES_AGGRESSIVE;
				CLANG_CXX_LANGUAGE_STANDARD = "gnu++17";
				CLANG_ENABLE_MODULES = YES;
				CLANG_ENABLE_OBJC_ARC = YES;
				CLANG_ENABLE_OBJC_WEAK = YES;
				CLANG_WARN_BLOCK_CAPTURE_AUTORELEASING = YES;
				CLANG_WARN_BOOL_CONVERSION = YES;
				CLANG_WARN_COMMA = YES;
				CLANG_WARN_CONSTANT_CONVERSION = YES;
				CLANG_WARN_DEPRECATED_OBJC_IMPLEMENTATIONS = YES;
				CLANG_WARN_DIRECT_OBJC_ISA_USAGE = YES_ERROR;
				CLANG_WARN_DOCUMENTATION_COMMENTS = YES;
				CLANG_WARN_EMPTY_BODY = YES;
				CLANG_WARN_ENUM_CONVERSION = YES;
				CLANG_WARN_INFINITE_RECURSION = YES;
				CLANG_WARN_INT_CONVERSION = YES;
				CLANG_WARN_NON_LITERAL_NULL_CONVERSION = YES;
				CLANG_WARN_OBJC_IMPLICIT_RETAIN_SELF = YES;
				CLANG_WARN_OBJC_LITERAL_CONVERSION = YES;
				CLANG_WARN_OBJC_ROOT_CLASS = YES_ERROR;
				CLANG_WARN_QUOTED_INCLUDE_IN_FRAMEWORK_HEADER = YES;
				CLANG_WARN_RANGE_LOOP_ANALYSIS = YES;
				CLANG_WARN_STRICT_PROTOTYPES = YES;
				CLANG_WARN_SUSPICIOUS_MOVE = YES;
				CLANG_WARN_UNGUARDED_AVAILABILITY = YES_AGGRESSIVE;
				CLANG_WARN_UNREACHABLE_CODE = YES;
				CLANG_WARN__DUPLICATE_METHOD_MATCH = YES;
				COPY_PHASE_STRIP = NO;
				DEBUG_INFORMATION_FORMAT = "dwarf-with-dsym";
				ENABLE_NS_ASSERTIONS = NO;
				ENABLE_STRICT_OBJC_MSGSEND = YES;
				GCC_C_LANGUAGE_STANDARD = gnu11;
				GCC_NO_COMMON_BLOCKS = YES;
				GCC_WARN_64_TO_32_BIT_CONVERSION = YES;
				GCC_WARN_ABOUT_RETURN_TYPE = YES_ERROR;
				GCC_WARN_UNDECLARED_SELECTOR = YES;
				GCC_WARN_UNINITIALIZED_AUTOS = YES_AGGRESSIVE;
				GCC_WARN_UNUSED_FUNCTION = YES;
				GCC_WARN_UNUSED_VARIABLE = YES;
				IPHONEOS_DEPLOYMENT_TARGET = 15.5;
				MTL_ENABLE_DEBUG_INFO = NO;
				MTL_FAST_MATH = YES;
				SDKROOT = iphoneos;
				SWIFT_COMPILATION_MODE = wholemodule;
				SWIFT_OPTIMIZATION_LEVEL = "-O";
				VALIDATE_PRODUCT = YES;
			};
			name = Release;
		};
		4323B7CB2941013C005B8FBF /* Debug */ = {
			isa = XCBuildConfiguration;
			buildSettings = {
				ASSETCATALOG_COMPILER_APPICON_NAME = AppIcon;
				ASSETCATALOG_COMPILER_GLOBAL_ACCENT_COLOR_NAME = AccentColor;
				CODE_SIGN_STYLE = Automatic;
				CURRENT_PROJECT_VERSION = 1;
				GENERATE_INFOPLIST_FILE = YES;
				INFOPLIST_FILE = GRAB_K16/Info.plist;
				INFOPLIST_KEY_UIApplicationSupportsIndirectInputEvents = YES;
				INFOPLIST_KEY_UILaunchStoryboardName = LaunchScreen;
				INFOPLIST_KEY_UIMainStoryboardFile = Main;
				INFOPLIST_KEY_UISupportedInterfaceOrientations_iPad = "UIInterfaceOrientationPortrait UIInterfaceOrientationPortraitUpsideDown UIInterfaceOrientationLandscapeLeft UIInterfaceOrientationLandscapeRight";
				INFOPLIST_KEY_UISupportedInterfaceOrientations_iPhone = "UIInterfaceOrientationPortrait UIInterfaceOrientationLandscapeLeft UIInterfaceOrientationLandscapeRight";
				LD_RUNPATH_SEARCH_PATHS = (
					"$(inherited)",
					"@executable_path/Frameworks",
				);
				MARKETING_VERSION = 1.0;
				PRODUCT_BUNDLE_IDENTIFIER = "com.duongvancuong.GRAB-K16";
				PRODUCT_NAME = "$(TARGET_NAME)";
				SWIFT_EMIT_LOC_STRINGS = YES;
				SWIFT_VERSION = 5.0;
				TARGETED_DEVICE_FAMILY = "1,2";
			};
			name = Debug;
		};
		4323B7CC2941013C005B8FBF /* Release */ = {
			isa = XCBuildConfiguration;
			buildSettings = {
				ASSETCATALOG_COMPILER_APPICON_NAME = AppIcon;
				ASSETCATALOG_COMPILER_GLOBAL_ACCENT_COLOR_NAME = AccentColor;
				CODE_SIGN_STYLE = Automatic;
				CURRENT_PROJECT_VERSION = 1;
				GENERATE_INFOPLIST_FILE = YES;
				INFOPLIST_FILE = GRAB_K16/Info.plist;
				INFOPLIST_KEY_UIApplicationSupportsIndirectInputEvents = YES;
				INFOPLIST_KEY_UILaunchStoryboardName = LaunchScreen;
				INFOPLIST_KEY_UIMainStoryboardFile = Main;
				INFOPLIST_KEY_UISupportedInterfaceOrientations_iPad = "UIInterfaceOrientationPortrait UIInterfaceOrientationPortraitUpsideDown UIInterfaceOrientationLandscapeLeft UIInterfaceOrientationLandscapeRight";
				INFOPLIST_KEY_UISupportedInterfaceOrientations_iPhone = "UIInterfaceOrientationPortrait UIInterfaceOrientationLandscapeLeft UIInterfaceOrientationLandscapeRight";
				LD_RUNPATH_SEARCH_PATHS = (
					"$(inherited)",
					"@executable_path/Frameworks",
				);
				MARKETING_VERSION = 1.0;
				PRODUCT_BUNDLE_IDENTIFIER = "com.duongvancuong.GRAB-K16";
				PRODUCT_NAME = "$(TARGET_NAME)";
				SWIFT_EMIT_LOC_STRINGS = YES;
				SWIFT_VERSION = 5.0;
				TARGETED_DEVICE_FAMILY = "1,2";
			};
			name = Release;
		};
/* End XCBuildConfiguration section */

/* Begin XCConfigurationList section */
		4323B7B12941013A005B8FBF /* Build configuration list for PBXProject "GRAB_K16" */ = {
			isa = XCConfigurationList;
			buildConfigurations = (
				4323B7C82941013C005B8FBF /* Debug */,
				4323B7C92941013C005B8FBF /* Release */,
			);
			defaultConfigurationIsVisible = 0;
			defaultConfigurationName = Release;
		};
		4323B7CA2941013C005B8FBF /* Build configuration list for PBXNativeTarget "GRAB_K16" */ = {
			isa = XCConfigurationList;
			buildConfigurations = (
				4323B7CB2941013C005B8FBF /* Debug */,
				4323B7CC2941013C005B8FBF /* Release */,
			);
			defaultConfigurationIsVisible = 0;
			defaultConfigurationName = Release;
		};
/* End XCConfigurationList section */

/* Begin XCRemoteSwiftPackageReference section */
		9B57417C294A057100D943A2 /* XCRemoteSwiftPackageReference "Alamofire" */ = {
			isa = XCRemoteSwiftPackageReference;
			repositoryURL = "https://github.com/Alamofire/Alamofire.git";
			requirement = {
				branch = master;
				kind = branch;
			};
		};
		9B574181294A1CBA00D943A2 /* XCRemoteSwiftPackageReference "Kingfisher" */ = {
			isa = XCRemoteSwiftPackageReference;
			repositoryURL = "https://github.com/onevcat/Kingfisher.git";
			requirement = {
				branch = master;
				kind = branch;
			};
		};
/* End XCRemoteSwiftPackageReference section */

/* Begin XCSwiftPackageProductDependency section */
		9B57417D294A057100D943A2 /* Alamofire */ = {
			isa = XCSwiftPackageProductDependency;
			package = 9B57417C294A057100D943A2 /* XCRemoteSwiftPackageReference "Alamofire" */;
			productName = Alamofire;
		};
		9B574182294A1CBA00D943A2 /* Kingfisher */ = {
			isa = XCSwiftPackageProductDependency;
			package = 9B574181294A1CBA00D943A2 /* XCRemoteSwiftPackageReference "Kingfisher" */;
			productName = Kingfisher;
		};
/* End XCSwiftPackageProductDependency section */
	};
	rootObject = 4323B7AE2941013A005B8FBF /* Project object */;
}
